
Microsoft Visual Studio Solution File, Format Version 12.00
# Visual Studio Version 16
VisualStudioVersion = 16.0.31424.327
MinimumVisualStudioVersion = 10.0.40219.1
Project("{FAE04EC0-301F-11D3-BF4B-00C04F79EFBC}") = "ApiDev", "ApiDev\ApiDev.csproj", "{2CE5A3A9-DDD3-4ACE-B72D-DCDD59C001B5}"
EndProject
Project("{2150E333-8FDC-42A3-9474-1A3956D46DE8}") = "1-Web", "1-Web", "{27671C42-E897-42DF-823B-A898B21A9FE1}"
EndProject
Project("{2150E333-8FDC-42A3-9474-1A3956D46DE8}") = "2-Application", "2-Application", "{8CD9CD75-C329-41AE-B9EC-8879C15CF98A}"
EndProject
Project("{2150E333-8FDC-42A3-9474-1A3956D46DE8}") = "3-Domain", "3-Domain", "{AF660FCC-BD99-4A95-BEB0-3B4E5239AB1E}"
EndProject
Project("{2150E333-8FDC-42A3-9474-1A3956D46DE8}") = "4-Infra", "4-Infra", "{B26964BE-31EC-44BB-8F16-6D48D85D376C}"
EndProject
Project("{2150E333-8FDC-42A3-9474-1A3956D46DE8}") = "4.1-Data", "4.1-Data", "{AD80B0D5-0F63-431B-9DAC-A03E685ABD15}"
EndProject
Project("{2150E333-8FDC-42A3-9474-1A3956D46DE8}") = "4.2-CrossCutting", "4.2-CrossCutting", "{80A03F5D-B406-444F-B9CB-7D7668F81D02}"
EndProject
Project("{FAE04EC0-301F-11D3-BF4B-00C04F79EFBC}") = "ApiDev.Application", "ApiDev.Application\ApiDev.Application.csproj", "{BFF67240-74B5-4031-B551-27FBFAF9C36E}"
EndProject
Project("{FAE04EC0-301F-11D3-BF4B-00C04F79EFBC}") = "ApiDev.Domain", "ApiDev.Domain\ApiDev.Domain.csproj", "{72CD00FC-A665-4202-9576-629A6396A500}"
EndProject
Project("{FAE04EC0-301F-11D3-BF4B-00C04F79EFBC}") = "ApiDev.Data", "ApiDev.Data\ApiDev.Data.csproj", "{DC0E9DDC-621B-4E8B-890C-28EF6E41E869}"
EndProject
Project("{FAE04EC0-301F-11D3-BF4B-00C04F79EFBC}") = "ApiDev.IoC", "ApiDev.IoC\ApiDev.IoC.csproj", "{2BBDCB0E-030F-4F8E-A540-65B3B6AD3115}"
EndProject
Project("{FAE04EC0-301F-11D3-BF4B-00C04F79EFBC}") = "ApiDev.Swagger", "ApiDev.Swagger\ApiDev.Swagger.csproj", "{3AB730BA-235F-47DF-B39D-ECCAFB861FB9}"
EndProject
Global
	GlobalSection(SolutionConfigurationPlatforms) = preSolution
		Debug|Any CPU = Debug|Any CPU
		Release|Any CPU = Release|Any CPU
	EndGlobalSection
	GlobalSection(ProjectConfigurationPlatforms) = postSolution
		{2CE5A3A9-DDD3-4ACE-B72D-DCDD59C001B5}.Debug|Any CPU.ActiveCfg = Debug|Any CPU
		{2CE5A3A9-DDD3-4ACE-B72D-DCDD59C001B5}.Debug|Any CPU.Build.0 = Debug|Any CPU
		{2CE5A3A9-DDD3-4ACE-B72D-DCDD59C001B5}.Release|Any CPU.ActiveCfg = Release|Any CPU
		{2CE5A3A9-DDD3-4ACE-B72D-DCDD59C001B5}.Release|Any CPU.Build.0 = Release|Any CPU
		{BFF67240-74B5-4031-B551-27FBFAF9C36E}.Debug|Any CPU.ActiveCfg = Debug|Any CPU
		{BFF67240-74B5-4031-B551-27FBFAF9C36E}.Debug|Any CPU.Build.0 = Debug|Any CPU
		{BFF67240-74B5-4031-B551-27FBFAF9C36E}.Release|Any CPU.ActiveCfg = Release|Any CPU
		{BFF67240-74B5-4031-B551-27FBFAF9C36E}.Release|Any CPU.Build.0 = Release|Any CPU
		{72CD00FC-A665-4202-9576-629A6396A500}.Debug|Any CPU.ActiveCfg = Debug|Any CPU
		{72CD00FC-A665-4202-9576-629A6396A500}.Debug|Any CPU.Build.0 = Debug|Any CPU
		{72CD00FC-A665-4202-9576-629A6396A500}.Release|Any CPU.ActiveCfg = Release|Any CPU
		{72CD00FC-A665-4202-9576-629A6396A500}.Release|Any CPU.Build.0 = Release|Any CPU
		{DC0E9DDC-621B-4E8B-890C-28EF6E41E869}.Debug|Any CPU.ActiveCfg = Debug|Any CPU
		{DC0E9DDC-621B-4E8B-890C-28EF6E41E869}.Debug|Any CPU.Build.0 = Debug|Any CPU
		{DC0E9DDC-621B-4E8B-890C-28EF6E41E869}.Release|Any CPU.ActiveCfg = Release|Any CPU
		{DC0E9DDC-621B-4E8B-890C-28EF6E41E869}.Release|Any CPU.Build.0 = Release|Any CPU
		{2BBDCB0E-030F-4F8E-A540-65B3B6AD3115}.Debug|Any CPU.ActiveCfg = Debug|Any CPU
		{2BBDCB0E-030F-4F8E-A540-65B3B6AD3115}.Debug|Any CPU.Build.0 = Debug|Any CPU
		{2BBDCB0E-030F-4F8E-A540-65B3B6AD3115}.Release|Any CPU.ActiveCfg = Release|Any CPU
		{2BBDCB0E-030F-4F8E-A540-65B3B6AD3115}.Release|Any CPU.Build.0 = Release|Any CPU
		{3AB730BA-235F-47DF-B39D-ECCAFB861FB9}.Debug|Any CPU.ActiveCfg = Debug|Any CPU
		{3AB730BA-235F-47DF-B39D-ECCAFB861FB9}.Debug|Any CPU.Build.0 = Debug|Any CPU
		{3AB730BA-235F-47DF-B39D-ECCAFB861FB9}.Release|Any CPU.ActiveCfg = Release|Any CPU
		{3AB730BA-235F-47DF-B39D-ECCAFB861FB9}.Release|Any CPU.Build.0 = Release|Any CPU
	EndGlobalSection
	GlobalSection(SolutionProperties) = preSolution
		HideSolutionNode = FALSE
	EndGlobalSection
	GlobalSection(NestedProjects) = preSolution
		{2CE5A3A9-DDD3-4ACE-B72D-DCDD59C001B5} = {27671C42-E897-42DF-823B-A898B21A9FE1}
		{AD80B0D5-0F63-431B-9DAC-A03E685ABD15} = {B26964BE-31EC-44BB-8F16-6D48D85D376C}
		{80A03F5D-B406-444F-B9CB-7D7668F81D02} = {B26964BE-31EC-44BB-8F16-6D48D85D376C}
		{BFF67240-74B5-4031-B551-27FBFAF9C36E} = {8CD9CD75-C329-41AE-B9EC-8879C15CF98A}
		{72CD00FC-A665-4202-9576-629A6396A500} = {AF660FCC-BD99-4A95-BEB0-3B4E5239AB1E}
		{DC0E9DDC-621B-4E8B-890C-28EF6E41E869} = {AD80B0D5-0F63-431B-9DAC-A03E685ABD15}
		{2BBDCB0E-030F-4F8E-A540-65B3B6AD3115} = {80A03F5D-B406-444F-B9CB-7D7668F81D02}
		{3AB730BA-235F-47DF-B39D-ECCAFB861FB9} = {80A03F5D-B406-444F-B9CB-7D7668F81D02}
	EndGlobalSection
	GlobalSection(ExtensibilityGlobals) = postSolution
		SolutionGuid = {F63D4AD4-3160-4656-AEBE-32BA947ECFF6}
	EndGlobalSection
EndGlobal
